<Solution>
  <Project Path="src/DevQuestions.Contracts/DevQuestions.Contracts.csproj" Id="3d2ae359-4a33-4127-b43c-bd63ad3be3bb" />
  <Project Path="src/DevQuestions.Domain/DevQuestions.Domain.csproj" Id="f4829a5d-d499-434b-a2ca-3ff8736bb27d" />
  <Project Path="src/DevQuestions.Web/DevQuestions.Web.csproj" Id="ba079cf2-5990-418f-8983-572ad705b12a" />
</Solution>
